{
  "version": "5",
  "specifiers": {
    "jsr:@std/assert@*": "1.0.19",
    "jsr:@std/internal@^1.0.12": "1.0.14",
    "npm:@base-ui/react@^1.7.0": "1.7.0_@types+react@19.2.18_react@19.2.8_react-dom@19.2.8__react@19.2.8",
    "npm:@types/react@19": "19.2.18",
    "npm:react-dom@^19.1.0": "19.2.8_react@19.2.8",
    "npm:react@^19.1.0": "19.2.8"
  },
  "jsr": {
    "@std/assert@1.0.19": {
      "integrity": "eaada96ee120cb980bc47e040f82814d786fe8162ecc53c91d8df60b8755991e",
      "dependencies": [
        "jsr:@std/internal"
      ]
    },
    "@std/internal@1.0.14": {
      "integrity": "291516b3d4c35024d6ffbc0a9df5bf4c64116e05b50012cf846710152d2ffdf7"
    }
  },
  "npm": {
    "@babel/runtime@7.29.7": {
      "integrity": "sha512-Nq8OhGWiZIZGV6hLHoyAKLLcJihP/xFeBMGJoUrxTX2psI8dCifzLhZISFb+VWS3wFMRDmCGw5R+dOySCqPLhw=="
    },
    "@base-ui/react@1.7.0_@types+react@19.2.18_react@19.2.8_react-dom@19.2.8__react@19.2.8": {
      "integrity": "sha512-j+8QjX44C32jrXD/qyEAGpFr70FRpGL2CY61mQd9nBPWN737CK0xxD1ceJ055rW4RtdvFDT1e7otzdlfxvsYug==",
      "dependencies": [
        "@babel/runtime",
        "@base-ui/utils",
        "@floating-ui/react-dom",
        "@floating-ui/utils",
        "@types/react",
        "react",
        "react-dom",
        "use-sync-external-store"
      ],
      "optionalPeers": [
        "@types/react"
      ]
    },
    "@base-ui/utils@0.3.2_@types+react@19.2.18_react@19.2.8_react-dom@19.2.8__react@19.2.8": {
      "integrity": "sha512-oWy1aq/I2GmYjpl4PhEAhzflF8VPGKgZeq0xAWTbfD5KBWyxcN0ZP2+WHSUm/5Z6lVMBDLReLcoXwSYoRc/zNQ==",
      "dependencies": [
        "@babel/runtime",
        "@floating-ui/utils",
        "@types/react",
        "react",
        "react-dom",
        "reselect",
        "use-sync-external-store"
      ],
      "optionalPeers": [
        "@types/react"
      ]
    },
    "@floating-ui/core@1.8.0": {
      "integrity": "sha512-0CIZ5itps/8x7BG8dEIhs53BvCUH2PCoogtakwRTut+Arm58sJooJ0AuZhLw2HJYIR5cMLNPBSS728sPho2khQ==",
      "dependencies": [
        "@floating-ui/utils"
      ]
    },
    "@floating-ui/dom@1.8.0": {
      "integrity": "sha512-yXSrzeHZBTZadLOlfyhCkJHNeLJnHRnRInwdZ40L7ZiaAtrBwoYlsDrX3v5zB1Utk7CLfzcOVnVVWoXEky7Ceg==",
      "dependencies": [
        "@floating-ui/core",
        "@floating-ui/utils"
      ]
    },
    "@floating-ui/react-dom@2.1.9_react@19.2.8_react-dom@19.2.8__react@19.2.8": {
      "integrity": "sha512-JDjEFGCpImxDCA7JJKviA0M9+RtmJdj0m/NVU5IMgBK+AmZouAQQ7/+2GLH0GXXY0YMw9oXPB8hKdbPYg5QLYg==",
      "dependencies": [
        "@floating-ui/dom",
        "react",
        "react-dom"
      ]
    },
    "@floating-ui/utils@0.2.12": {
      "integrity": "sha512-HpCo8tmWzLVad5s2d19EhAz5zqrrQ6s69qd6moPMQvkOuSwDT1YgRfWSVuc4ennqrgv3OHppiOGMQ7oC13yIww=="
    },
    "@types/react@19.2.18": {
      "integrity": "sha512-AnzbBERsrLKtk2XSfTbYRLjQPdy116Sty4q+T+Bp3IC4l6jNBvreVPAHmpq9qhXQM7CXZPjLVmGMw9sy+hxQ3w==",
      "dependencies": [
        "csstype"
      ]
    },
    "csstype@3.2.3": {
      "integrity": "sha512-z1HGKcYy2xA8AGQfwrn0PAy+PB7X/GSj3UVJW9qKyn43xWa+gl5nXmU4qqLMRzWVLFC8KusUX8T/0kCiOYpAIQ=="
    },
    "react-dom@19.2.8_react@19.2.8": {
      "integrity": "sha512-rVprimfGBG3DR+Tq0IQG2DT5PxKth1WIGDmj5yPmlzr4YBe7uyE+Du4oVqTDXZSHGGGXRtTJEGSSePyQCMBglQ==",
      "dependencies": [
        "react",
        "scheduler"
      ]
    },
    "react@19.2.8": {
      "integrity": "sha512-PWaYA1L/q9u2u7xYQi+Y3L3Yfnie7XyLeaJICV1MGD6LprsBxcAqGjYyr0eY3p+QdsA+x/Irkt4Qif8D63+Sbw=="
    },
    "reselect@5.2.0": {
      "integrity": "sha512-AgZ3UOZm3YndfrJ4OYjgrT7bmCm/1iqkjvEfH/oYjzh6PD2qw4QuT3jjnXIrpdt4MTpMXclMT3lXbmRY+XRakw=="
    },
    "scheduler@0.27.0": {
      "integrity": "sha512-eNv+WrVbKu1f3vbYJT/xtiF5syA5HPIMtf9IgY/nKg0sWqzAUEvqY/xm7OcZc/qafLx/iO9FgOmeSAp4v5ti/Q=="
    },
    "use-sync-external-store@1.6.0_react@19.2.8": {
      "integrity": "sha512-Pp6GSwGP/NrPIrxVFAIkOQeyw8lFenOHijQWkUTrDvrF4ALqylP2C/KCkeS9dpUM3KvYRQhna5vt7IL95+ZQ9w==",
      "dependencies": [
        "react"
      ]
    }
  },
  "workspace": {
    "dependencies": [
      "npm:@base-ui/react@^1.7.0",
      "npm:@types/react@19",
      "npm:react-dom@^19.1.0",
      "npm:react@^19.1.0"
    ],
    "packageJson": {
      "dependencies": [
        "npm:@base-ui/react@^1.7.0",
        "npm:react-dom@^19.1.0",
        "npm:react@^19.1.0"
      ]
    }
  }
}
